// !$*UTF8*$!
{
	archiveVersion = 1;
	classes = {
	};
	objectVersion = 48;
	objects = {

/* Begin PBXBuildFile section */
		033A2A051FC6C2FB0068FED4 /* AppDelegate.swift in Sources */ = {isa = PBXBuildFile; fileRef = 033A2A041FC6C2FB0068FED4 /* AppDelegate.swift */; };
		033A2A071FC6C2FB0068FED4 /* ViewController.swift in Sources */ = {isa = PBXBuildFile; fileRef = 033A2A061FC6C2FB0068FED4 /* ViewController.swift */; };
		033A2A0A1FC6C2FB0068FED4 /* Main.storyboard in Resources */ = {isa = PBXBuildFile; fileRef = 033A2A081FC6C2FB0068FED4 /* Main.storyboard */; };
		033A2A0D1FC6C2FC0068FED4 /* CoreDataDemoInSwift.xcdatamodeld in Sources */ = {isa = PBXBuildFile; fileRef = 033A2A0B1FC6C2FC0068FED4 /* CoreDataDemoInSwift.xcdatamodeld */; };
		033A2A0F1FC6C2FC0068FED4 /* Assets.xcassets in Resources */ = {isa = PBXBuildFile; fileRef = 033A2A0E1FC6C2FC0068FED4 /* Assets.xcassets */; };
		033A2A121FC6C2FC0068FED4 /* LaunchScreen.storyboard in Resources */ = {isa = PBXBuildFile; fileRef = 033A2A101FC6C2FC0068FED4 /* LaunchScreen.storyboard */; };
		033A2A1D1FC6C2FC0068FED4 /* CoreDataDemoInSwiftTests.swift in Sources */ = {isa = PBXBuildFile; fileRef = 033A2A1C1FC6C2FC0068FED4 /* CoreDataDemoInSwiftTests.swift */; };
		033A2A281FC6C2FC0068FED4 /* CoreDataDemoInSwiftUITests.swift in Sources */ = {isa = PBXBuildFile; fileRef = 033A2A271FC6C2FC0068FED4 /* CoreDataDemoInSwiftUITests.swift */; };
/* End PBXBuildFile section */

/* Begin PBXContainerItemProxy section */
		033A2A191FC6C2FC0068FED4 /* PBXContainerItemProxy */ = {
			isa = PBXContainerItemProxy;
			containerPortal = 033A29F91FC6C2FA0068FED4 /* Project object */;
			proxyType = 1;
			remoteGlobalIDString = 033A2A001FC6C2FB0068FED4;
			remoteInfo = CoreDataDemoInSwift;
		};
		033A2A241FC6C2FC0068FED4 /* PBXContainerItemProxy */ = {
			isa = PBXContainerItemProxy;
			containerPortal = 033A29F91FC6C2FA0068FED4 /* Project object */;
			proxyType = 1;
			remoteGlobalIDString = 033A2A001FC6C2FB0068FED4;
			remoteInfo = CoreDataDemoInSwift;
		};
/* End PBXContainerItemProxy section */

/* Begin PBXFileReference section */
		033A2A011FC6C2FB0068FED4 /* CoreDataDemoInSwift.app */ = {isa = PBXFileReference; explicitFileType = wrapper.application; includeInIndex = 0; path = CoreDataDemoInSwift.app; sourceTree = BUILT_PRODUCTS_DIR; };
		033A2A041FC6C2FB0068FED4 /* AppDelegate.swift */ = {isa = PBXFileReference; lastKnownFileType = sourcecode.swift; path = AppDelegate.swift; sourceTree = "<group>"; };
		033A2A061FC6C2FB0068FED4 /* ViewController.swift */ = {isa = PBXFileReference; lastKnownFileType = sourcecode.swift; path = ViewController.swift; sourceTree = "<group>"; };
		033A2A091FC6C2FB0068FED4 /* Base */ = {isa = PBXFileReference; lastKnownFileType = file.storyboard; name = Base; path = Base.lproj/Main.storyboard; sourceTree = "<group>"; };
		033A2A0C1FC6C2FC0068FED4 /* CoreDataDemoInSwift.xcdatamodel */ = {isa = PBXFileReference; lastKnownFileType = wrapper.xcdatamodel; path = CoreDataDemoInSwift.xcdatamodel; sourceTree = "<group>"; };
		033A2A0E1FC6C2FC0068FED4 /* Assets.xcassets */ = {isa = PBXFileReference; lastKnownFileType = folder.assetcatalog; path = Assets.xcassets; sourceTree = "<group>"; };
		033A2A111FC6C2FC0068FED4 /* Base */ = {isa = PBXFileReference; lastKnownFileType = file.storyboard; name = Base; path = Base.lproj/LaunchScreen.storyboard; sourceTree = "<group>"; };
		033A2A131FC6C2FC0068FED4 /* Info.plist */ = {isa = PBXFileReference; lastKnownFileType = text.plist.xml; path = Info.plist; sourceTree = "<group>"; };
		033A2A181FC6C2FC0068FED4 /* CoreDataDemoInSwiftTests.xctest */ = {isa = PBXFileReference; explicitFileType = wrapper.cfbundle; includeInIndex = 0; path = CoreDataDemoInSwiftTests.xctest; sourceTree = BUILT_PRODUCTS_DIR; };
		033A2A1C1FC6C2FC0068FED4 /* CoreDataDemoInSwiftTests.swift */ = {isa = PBXFileReference; lastKnownFileType = sourcecode.swift; path = CoreDataDemoInSwiftTests.swift; sourceTree = "<group>"; };
		033A2A1E1FC6C2FC0068FED4 /* Info.plist */ = {isa = PBXFileReference; lastKnownFileType = text.plist.xml; path = Info.plist; sourceTree = "<group>"; };
		033A2A231FC6C2FC0068FED4 /* CoreDataDemoInSwiftUITests.xctest */ = {isa = PBXFileReference; explicitFileType = wrapper.cfbundle; includeInIndex = 0; path = CoreDataDemoInSwiftUITests.xctest; sourceTree = BUILT_PRODUCTS_DIR; };
		033A2A271FC6C2FC0068FED4 /* CoreDataDemoInSwiftUITests.swift */ = {isa = PBXFileReference; lastKnownFileType = sourcecode.swift; path = CoreDataDemoInSwiftUITests.swift; sourceTree = "<group>"; };
		033A2A291FC6C2FC0068FED4 /* Info.plist */ = {isa = PBXFileReference; lastKnownFileType = text.plist.xml; path = Info.plist; sourceTree = "<group>"; };
/* End PBXFileReference section */

/* Begin PBXFrameworksBuildPhase section */
		033A29FE1FC6C2FB0068FED4 /* Frameworks */ = {
			isa = PBXFrameworksBuildPhase;
			buildActionMask = 2147483647;
			files = (
			);
			runOnlyForDeploymentPostprocessing = 0;
		};
		033A2A151FC6C2FC0068FED4 /* Frameworks */ = {
			isa = PBXFrameworksBuildPhase;
			buildActionMask = 2147483647;
			files = (
			);
			runOnlyForDeploymentPostprocessing = 0;
		};
		033A2A201FC6C2FC0068FED4 /* Frameworks */ = {
			isa = PBXFrameworksBuildPhase;
			buildActionMask = 2147483647;
			files = (
			);
			runOnlyForDeploymentPostprocessing = 0;
		};
/* End PBXFrameworksBuildPhase section */

/* Begin PBXGroup section */
		033A29F81FC6C2FA0068FED4 = {
			isa = PBXGroup;
			children = (
				033A2A031FC6C2FB0068FED4 /* CoreDataDemoInSwift */,
				033A2A1B1FC6C2FC0068FED4 /* CoreDataDemoInSwiftTests */,
				033A2A261FC6C2FC0068FED4 /* CoreDataDemoInSwiftUITests */,
				033A2A021FC6C2FB0068FED4 /* Products */,
			);
			sourceTree = "<group>";
		};
		033A2A021FC6C2FB0068FED4 /* Products */ = {
			isa = PBXGroup;
			children = (
				033A2A011FC6C2FB0068FED4 /* CoreDataDemoInSwift.app */,
				033A2A181FC6C2FC0068FED4 /* CoreDataDemoInSwiftTests.xctest */,
				033A2A231FC6C2FC0068FED4 /* CoreDataDemoInSwiftUITests.xctest */,
			);
			name = Products;
			sourceTree = "<group>";
		};
		033A2A031FC6C2FB0068FED4 /* CoreDataDemoInSwift */ = {
			isa = PBXGroup;
			children = (
				033A2A041FC6C2FB0068FED4 /* AppDelegate.swift */,
				033A2A061FC6C2FB0068FED4 /* ViewController.swift */,
				033A2A081FC6C2FB0068FED4 /* Main.storyboard */,
				033A2A0E1FC6C2FC0068FED4 /* Assets.xcassets */,
				033A2A101FC6C2FC0068FED4 /* LaunchScreen.storyboard */,
				033A2A131FC6C2FC0068FED4 /* Info.plist */,
				033A2A0B1FC6C2FC0068FED4 /* CoreDataDemoInSwift.xcdatamodeld */,
			);
			path = CoreDataDemoInSwift;
			sourceTree = "<group>";
		};
		033A2A1B1FC6C2FC0068FED4 /* CoreDataDemoInSwiftTests */ = {
			isa = PBXGroup;
			children = (
				033A2A1C1FC6C2FC0068FED4 /* CoreDataDemoInSwiftTests.swift */,
				033A2A1E1FC6C2FC0068FED4 /* Info.plist */,
			);
			path = CoreDataDemoInSwiftTests;
			sourceTree = "<group>";
		};
		033A2A261FC6C2FC0068FED4 /* CoreDataDemoInSwiftUITests */ = {
			isa = PBXGroup;
			children = (
				033A2A271FC6C2FC0068FED4 /* CoreDataDemoInSwiftUITests.swift */,
				033A2A291FC6C2FC0068FED4 /* Info.plist */,
			);
			path = CoreDataDemoInSwiftUITests;
			sourceTree = "<group>";
		};
/* End PBXGroup section */

/* Begin PBXNativeTarget section */
		033A2A001FC6C2FB0068FED4 /* CoreDataDemoInSwift */ = {
			isa = PBXNativeTarget;
			buildConfigurationList = 033A2A2C1FC6C2FC0068FED4 /* Build configuration list for PBXNativeTarget "CoreDataDemoInSwift" */;
			buildPhases = (
				033A29FD1FC6C2FB0068FED4 /* Sources */,
				033A29FE1FC6C2FB0068FED4 /* Frameworks */,
				033A29FF1FC6C2FB0068FED4 /* Resources */,
			);
			buildRules = (
			);
			dependencies = (
			);
			name = CoreDataDemoInSwift;
			productName = CoreDataDemoInSwift;
			productReference = 033A2A011FC6C2FB0068FED4 /* CoreDataDemoInSwift.app */;
			productType = "com.apple.product-type.application";
		};
		033A2A171FC6C2FC0068FED4 /* CoreDataDemoInSwiftTests */ = {
			isa = PBXNativeTarget;
			buildConfigurationList = 033A2A2F1FC6C2FC0068FED4 /* Build configuration list for PBXNativeTarget "CoreDataDemoInSwiftTests" */;
			buildPhases = (
				033A2A141FC6C2FC0068FED4 /* Sources */,
				033A2A151FC6C2FC0068FED4 /* Frameworks */,
				033A2A161FC6C2FC0068FED4 /* Resources */,
			);
			buildRules = (
			);
			dependencies = (
				033A2A1A1FC6C2FC0068FED4 /* PBXTargetDependency */,
			);
			name = CoreDataDemoInSwiftTests;
			productName = CoreDataDemoInSwiftTests;
			productReference = 033A2A181FC6C2FC0068FED4 /* CoreDataDemoInSwiftTests.xctest */;
			productType = "com.apple.product-type.bundle.unit-test";
		};
		033A2A221FC6C2FC0068FED4 /* CoreDataDemoInSwiftUITests */ = {
			isa = PBXNativeTarget;
			buildConfigurationList = 033A2A321FC6C2FC0068FED4 /* Build configuration list for PBXNativeTarget "CoreDataDemoInSwiftUITests" */;
			buildPhases = (
				033A2A1F1FC6C2FC0068FED4 /* Sources */,
				033A2A201FC6C2FC0068FED4 /* Frameworks */,
				033A2A211FC6C2FC0068FED4 /* Resources */,
			);
			buildRules = (
			);
			dependencies = (
				033A2A251FC6C2FC0068FED4 /* PBXTargetDependency */,
			);
			name = CoreDataDemoInSwiftUITests;
			productName = CoreDataDemoInSwiftUITests;
			productReference = 033A2A231FC6C2FC0068FED4 /* CoreDataDemoInSwiftUITests.xctest */;
			productType = "com.apple.product-type.bundle.ui-testing";
		};
/* End PBXNativeTarget section */

/* Begin PBXProject section */
		033A29F91FC6C2FA0068FED4 /* Project object */ = {
			isa = PBXProject;
			attributes = {
				LastSwiftUpdateCheck = 0910;
				LastUpgradeCheck = 0910;
				ORGANIZATIONNAME = Vijay;
				TargetAttributes = {
					033A2A001FC6C2FB0068FED4 = {
						CreatedOnToolsVersion = 9.1;
						ProvisioningStyle = Automatic;
					};
					033A2A171FC6C2FC0068FED4 = {
						CreatedOnToolsVersion = 9.1;
						ProvisioningStyle = Automatic;
						TestTargetID = 033A2A001FC6C2FB0068FED4;
					};
					033A2A221FC6C2FC0068FED4 = {
						CreatedOnToolsVersion = 9.1;
						ProvisioningStyle = Automatic;
						TestTargetID = 033A2A001FC6C2FB0068FED4;
					};
				};
			};
			buildConfigurationList = 033A29FC1FC6C2FB0068FED4 /* Build configuration list for PBXProject "CoreDataDemoInSwift" */;
			compatibilityVersion = "Xcode 8.0";
			developmentRegion = en;
			hasScannedForEncodings = 0;
			knownRegions = (
				en,
				Base,
			);
			mainGroup = 033A29F81FC6C2FA0068FED4;
			productRefGroup = 033A2A021FC6C2FB0068FED4 /* Products */;
			projectDirPath = "";
			projectRoot = "";
			targets = (
				033A2A001FC6C2FB0068FED4 /* CoreDataDemoInSwift */,
				033A2A171FC6C2FC0068FED4 /* CoreDataDemoInSwiftTests */,
				033A2A221FC6C2FC0068FED4 /* CoreDataDemoInSwiftUITests */,
			);
		};
/* End PBXProject section */

/* Begin PBXResourcesBuildPhase section */
		033A29FF1FC6C2FB0068FED4 /* Resources */ = {
			isa = PBXResourcesBuildPhase;
			buildActionMask = 2147483647;
			files = (
				033A2A121FC6C2FC0068FED4 /* LaunchScreen.storyboard in Resources */,
				033A2A0F1FC6C2FC0068FED4 /* Assets.xcassets in Resources */,
				033A2A0A1FC6C2FB0068FED4 /* Main.storyboard in Resources */,
			);
			runOnlyForDeploymentPostprocessing = 0;
		};
		033A2A161FC6C2FC0068FED4 /* Resources */ = {
			isa = PBXResourcesBuildPhase;
			buildActionMask = 2147483647;
			files = (
			);
			runOnlyForDeploymentPostprocessing = 0;
		};
		033A2A211FC6C2FC0068FED4 /* Resources */ = {
			isa = PBXResourcesBuildPhase;
			buildActionMask = 2147483647;
			files = (
			);
			runOnlyForDeploymentPostprocessing = 0;
		};
/* End PBXResourcesBuildPhase section */

/* Begin PBXSourcesBuildPhase section */
		033A29FD1FC6C2FB0068FED4 /* Sources */ = {
			isa = PBXSourcesBuildPhase;
			buildActionMask = 2147483647;
			files = (
				033A2A0D1FC6C2FC0068FED4 /* CoreDataDemoInSwift.xcdatamodeld in Sources */,
				033A2A071FC6C2FB0068FED4 /* ViewController.swift in Sources */,
				033A2A051FC6C2FB0068FED4 /* AppDelegate.swift in Sources */,
			);
			runOnlyForDeploymentPostprocessing = 0;
		};
		033A2A141FC6C2FC0068FED4 /* Sources */ = {
			isa = PBXSourcesBuildPhase;
			buildActionMask = 2147483647;
			files = (
				033A2A1D1FC6C2FC0068FED4 /* CoreDataDemoInSwiftTests.swift in Sources */,
			);
			runOnlyForDeploymentPostprocessing = 0;
		};
		033A2A1F1FC6C2FC0068FED4 /* Sources */ = {
			isa = PBXSourcesBuildPhase;
			buildActionMask = 2147483647;
			files = (
				033A2A281FC6C2FC0068FED4 /* CoreDataDemoInSwiftUITests.swift in Sources */,
			);
			runOnlyForDeploymentPostprocessing = 0;
		};
/* End PBXSourcesBuildPhase section */

/* Begin PBXTargetDependency section */
		033A2A1A1FC6C2FC0068FED4 /* PBXTargetDependency */ = {
			isa = PBXTargetDependency;
			target = 033A2A001FC6C2FB0068FED4 /* CoreDataDemoInSwift */;
			targetProxy = 033A2A191FC6C2FC0068FED4 /* PBXContainerItemProxy */;
		};
		033A2A251FC6C2FC0068FED4 /* PBXTargetDependency */ = {
			isa = PBXTargetDependency;
			target = 033A2A001FC6C2FB0068FED4 /* CoreDataDemoInSwift */;
			targetProxy = 033A2A241FC6C2FC0068FED4 /* PBXContainerItemProxy */;
		};
/* End PBXTargetDependency section */

/* Begin PBXVariantGroup section */
		033A2A081FC6C2FB0068FED4 /* Main.storyboard */ = {
			isa = PBXVariantGroup;
			children = (
				033A2A091FC6C2FB0068FED4 /* Base */,
			);
			name = Main.storyboard;
			sourceTree = "<group>";
		};
		033A2A101FC6C2FC0068FED4 /* LaunchScreen.storyboard */ = {
			isa = PBXVariantGroup;
			children = (
				033A2A111FC6C2FC0068FED4 /* Base */,
			);
			name = LaunchScreen.storyboard;
			sourceTree = "<group>";
		};
/* End PBXVariantGroup section */

/* Begin XCBuildConfiguration section */
		033A2A2A1FC6C2FC0068FED4 /* Debug */ = {
			isa = XCBuildConfiguration;
			buildSettings = {
				ALWAYS_SEARCH_USER_PATHS = NO;
				CLANG_ANALYZER_NONNULL = YES;
				CLANG_ANALYZER_NUMBER_OBJECT_CONVERSION = YES_AGGRESSIVE;
				CLANG_CXX_LANGUAGE_STANDARD = "gnu++14";
				CLANG_CXX_LIBRARY = "libc++";
				CLANG_ENABLE_MODULES = YES;
				CLANG_ENABLE_OBJC_ARC = YES;
				CLANG_WARN_BLOCK_CAPTURE_AUTORELEASING = YES;
				CLANG_WARN_BOOL_CONVERSION = YES;
				CLANG_WARN_COMMA = YES;
				CLANG_WARN_CONSTANT_CONVERSION = YES;
				CLANG_WARN_DIRECT_OBJC_ISA_USAGE = YES_ERROR;
				CLANG_WARN_DOCUMENTATION_COMMENTS = YES;
				CLANG_WARN_EMPTY_BODY = YES;
				CLANG_WARN_ENUM_CONVERSION = YES;
				CLANG_WARN_INFINITE_RECURSION = YES;
				CLANG_WARN_INT_CONVERSION = YES;
				CLANG_WARN_NON_LITERAL_NULL_CONVERSION = YES;
				CLANG_WARN_OBJC_LITERAL_CONVERSION = YES;
				CLANG_WARN_OBJC_ROOT_CLASS = YES_ERROR;
				CLANG_WARN_RANGE_LOOP_ANALYSIS = YES;
				CLANG_WARN_STRICT_PROTOTYPES = YES;
				CLANG_WARN_SUSPICIOUS_MOVE = YES;
				CLANG_WARN_UNGUARDED_AVAILABILITY = YES_AGGRESSIVE;
				CLANG_WARN_UNREACHABLE_CODE = YES;
				CLANG_WARN__DUPLICATE_METHOD_MATCH = YES;
				CODE_SIGN_IDENTITY = "iPhone Developer";
				COPY_PHASE_STRIP = NO;
				DEBUG_INFORMATION_FORMAT = dwarf;
				ENABLE_STRICT_OBJC_MSGSEND = YES;
				ENABLE_TESTABILITY = YES;
				GCC_C_LANGUAGE_STANDARD = gnu11;
				GCC_DYNAMIC_NO_PIC = NO;
				GCC_NO_COMMON_BLOCKS = YES;
				GCC_OPTIMIZATION_LEVEL = 0;
				GCC_PREPROCESSOR_DEFINITIONS = (
					"DEBUG=1",
					"$(inherited)",
				);
				GCC_WARN_64_TO_32_BIT_CONVERSION = YES;
				GCC_WARN_ABOUT_RETURN_TYPE = YES_ERROR;
				GCC_WARN_UNDECLARED_SELECTOR = YES;
				GCC_WARN_UNINITIALIZED_AUTOS = YES_AGGRESSIVE;
				GCC_WARN_UNUSED_FUNCTION = YES;
				GCC_WARN_UNUSED_VARIABLE = YES;
				IPHONEOS_DEPLOYMENT_TARGET = 11.1;
				MTL_ENABLE_DEBUG_INFO = YES;
				ONLY_ACTIVE_ARCH = YES;
				SDKROOT = iphoneos;
				SWIFT_ACTIVE_COMPILATION_CONDITIONS = DEBUG;
				SWIFT_OPTIMIZATION_LEVEL = "-Onone";
			};
			name = Debug;
		};
		033A2A2B1FC6C2FC0068FED4 /* Release */ = {
			isa = XCBuildConfiguration;
			buildSettings = {
				ALWAYS_SEARCH_USER_PATHS = NO;
				CLANG_ANALYZER_NONNULL = YES;
				CLANG_ANALYZER_NUMBER_OBJECT_CONVERSION = YES_AGGRESSIVE;
				CLANG_CXX_LANGUAGE_STANDARD = "gnu++14";
				CLANG_CXX_LIBRARY = "libc++";
				CLANG_ENABLE_MODULES = YES;
				CLANG_ENABLE_OBJC_ARC = YES;
				CLANG_WARN_BLOCK_CAPTURE_AUTORELEASING = YES;
				CLANG_WARN_BOOL_CONVERSION = YES;
				CLANG_WARN_COMMA = YES;
				CLANG_WARN_CONSTANT_CONVERSION = YES;
				CLANG_WARN_DIRECT_OBJC_ISA_USAGE = YES_ERROR;
				CLANG_WARN_DOCUMENTATION_COMMENTS = YES;
				CLANG_WARN_EMPTY_BODY = YES;
				CLANG_WARN_ENUM_CONVERSION = YES;
				CLANG_WARN_INFINITE_RECURSION = YES;
				CLANG_WARN_INT_CONVERSION = YES;
				CLANG_WARN_NON_LITERAL_NULL_CONVERSION = YES;
				CLANG_WARN_OBJC_LITERAL_CONVERSION = YES;
				CLANG_WARN_OBJC_ROOT_CLASS = YES_ERROR;
				CLANG_WARN_RANGE_LOOP_ANALYSIS = YES;
				CLANG_WARN_STRICT_PROTOTYPES = YES;
				CLANG_WARN_SUSPICIOUS_MOVE = YES;
				CLANG_WARN_UNGUARDED_AVAILABILITY = YES_AGGRESSIVE;
				CLANG_WARN_UNREACHABLE_CODE = YES;
				CLANG_WARN__DUPLICATE_METHOD_MATCH = YES;
				CODE_SIGN_IDENTITY = "iPhone Developer";
				COPY_PHASE_STRIP = NO;
				DEBUG_INFORMATION_FORMAT = "dwarf-with-dsym";
				ENABLE_NS_ASSERTIONS = NO;
				ENABLE_STRICT_OBJC_MSGSEND = YES;
				GCC_C_LANGUAGE_STANDARD = gnu11;
				GCC_NO_COMMON_BLOCKS = YES;
				GCC_WARN_64_TO_32_BIT_CONVERSION = YES;
				GCC_WARN_ABOUT_RETURN_TYPE = YES_ERROR;
				GCC_WARN_UNDECLARED_SELECTOR = YES;
				GCC_WARN_UNINITIALIZED_AUTOS = YES_AGGRESSIVE;
				GCC_WARN_UNUSED_FUNCTION = YES;
				GCC_WARN_UNUSED_VARIABLE = YES;
				IPHONEOS_DEPLOYMENT_TARGET = 11.1;
				MTL_ENABLE_DEBUG_INFO = NO;
				SDKROOT = iphoneos;
				SWIFT_OPTIMIZATION_LEVEL = "-Owholemodule";
				VALIDATE_PRODUCT = YES;
			};
			name = Release;
		};
		033A2A2D1FC6C2FC0068FED4 /* Debug */ = {
			isa = XCBuildConfiguration;
			buildSettings = {
				ASSETCATALOG_COMPILER_APPICON_NAME = AppIcon;
				CODE_SIGN_STYLE = Automatic;
				DEVELOPMENT_TEAM = PGZA933APV;
				INFOPLIST_FILE = CoreDataDemoInSwift/Info.plist;
				LD_RUNPATH_SEARCH_PATHS = "$(inherited) @executable_path/Frameworks";
				PRODUCT_BUNDLE_IDENTIFIER = vijay.CoreDataDemoInSwift;
				PRODUCT_NAME = "$(TARGET_NAME)";
				SWIFT_VERSION = 4.0;
				TARGETED_DEVICE_FAMILY = "1,2";
			};
			name = Debug;
		};
		033A2A2E1FC6C2FC0068FED4 /* Release */ = {
			isa = XCBuildConfiguration;
			buildSettings = {
				ASSETCATALOG_COMPILER_APPICON_NAME = AppIcon;
				CODE_SIGN_STYLE = Automatic;
				DEVELOPMENT_TEAM = PGZA933APV;
				INFOPLIST_FILE = CoreDataDemoInSwift/Info.plist;
				LD_RUNPATH_SEARCH_PATHS = "$(inherited) @executable_path/Frameworks";
				PRODUCT_BUNDLE_IDENTIFIER = vijay.CoreDataDemoInSwift;
				PRODUCT_NAME = "$(TARGET_NAME)";
				SWIFT_VERSION = 4.0;
				TARGETED_DEVICE_FAMILY = "1,2";
			};
			name = Release;
		};
		033A2A301FC6C2FC0068FED4 /* Debug */ = {
			isa = XCBuildConfiguration;
			buildSettings = {
				ALWAYS_EMBED_SWIFT_STANDARD_LIBRARIES = YES;
				BUNDLE_LOADER = "$(TEST_HOST)";
				CODE_SIGN_STYLE = Automatic;
				DEVELOPMENT_TEAM = PGZA933APV;
				INFOPLIST_FILE = CoreDataDemoInSwiftTests/Info.plist;
				LD_RUNPATH_SEARCH_PATHS = "$(inherited) @executable_path/Frameworks @loader_path/Frameworks";
				PRODUCT_BUNDLE_IDENTIFIER = vijay.CoreDataDemoInSwiftTests;
				PRODUCT_NAME = "$(TARGET_NAME)";
				SWIFT_VERSION = 4.0;
				TARGETED_DEVICE_FAMILY = "1,2";
				TEST_HOST = "$(BUILT_PRODUCTS_DIR)/CoreDataDemoInSwift.app/CoreDataDemoInSwift";
			};
			name = Debug;
		};
		033A2A311FC6C2FC0068FED4 /* Release */ = {
			isa = XCBuildConfiguration;
			buildSettings = {
				ALWAYS_EMBED_SWIFT_STANDARD_LIBRARIES = YES;
				BUNDLE_LOADER = "$(TEST_HOST)";
				CODE_SIGN_STYLE = Automatic;
				DEVELOPMENT_TEAM = PGZA933APV;
				INFOPLIST_FILE = CoreDataDemoInSwiftTests/Info.plist;
				LD_RUNPATH_SEARCH_PATHS = "$(inherited) @executable_path/Frameworks @loader_path/Frameworks";
				PRODUCT_BUNDLE_IDENTIFIER = vijay.CoreDataDemoInSwiftTests;
				PRODUCT_NAME = "$(TARGET_NAME)";
				SWIFT_VERSION = 4.0;
				TARGETED_DEVICE_FAMILY = "1,2";
				TEST_HOST = "$(BUILT_PRODUCTS_DIR)/CoreDataDemoInSwift.app/CoreDataDemoInSwift";
			};
			name = Release;
		};
		033A2A331FC6C2FC0068FED4 /* Debug */ = {
			isa = XCBuildConfiguration;
			buildSettings = {
				ALWAYS_EMBED_SWIFT_STANDARD_LIBRARIES = YES;
				CODE_SIGN_STYLE = Automatic;
				DEVELOPMENT_TEAM = PGZA933APV;
				INFOPLIST_FILE = CoreDataDemoInSwiftUITests/Info.plist;
				LD_RUNPATH_SEARCH_PATHS = "$(inherited) @executable_path/Frameworks @loader_path/Frameworks";
				PRODUCT_BUNDLE_IDENTIFIER = vijay.CoreDataDemoInSwiftUITests;
				PRODUCT_NAME = "$(TARGET_NAME)";
				SWIFT_VERSION = 4.0;
				TARGETED_DEVICE_FAMILY = "1,2";
				TEST_TARGET_NAME = CoreDataDemoInSwift;
			};
			name = Debug;
		};
		033A2A341FC6C2FC0068FED4 /* Release */ = {
			isa = XCBuildConfiguration;
			buildSettings = {
				ALWAYS_EMBED_SWIFT_STANDARD_LIBRARIES = YES;
				CODE_SIGN_STYLE = Automatic;
				DEVELOPMENT_TEAM = PGZA933APV;
				INFOPLIST_FILE = CoreDataDemoInSwiftUITests/Info.plist;
				LD_RUNPATH_SEARCH_PATHS = "$(inherited) @executable_path/Frameworks @loader_path/Frameworks";
				PRODUCT_BUNDLE_IDENTIFIER = vijay.CoreDataDemoInSwiftUITests;
				PRODUCT_NAME = "$(TARGET_NAME)";
				SWIFT_VERSION = 4.0;
				TARGETED_DEVICE_FAMILY = "1,2";
				TEST_TARGET_NAME = CoreDataDemoInSwift;
			};
			name = Release;
		};
/* End XCBuildConfiguration section */

/* Begin XCConfigurationList section */
		033A29FC1FC6C2FB0068FED4 /* Build configuration list for PBXProject "CoreDataDemoInSwift" */ = {
			isa = XCConfigurationList;
			buildConfigurations = (
				033A2A2A1FC6C2FC0068FED4 /* Debug */,
				033A2A2B1FC6C2FC0068FED4 /* Release */,
			);
			defaultConfigurationIsVisible = 0;
			defaultConfigurationName = Release;
		};
		033A2A2C1FC6C2FC0068FED4 /* Build configuration list for PBXNativeTarget "CoreDataDemoInSwift" */ = {
			isa = XCConfigurationList;
			buildConfigurations = (
				033A2A2D1FC6C2FC0068FED4 /* Debug */,
				033A2A2E1FC6C2FC0068FED4 /* Release */,
			);
			defaultConfigurationIsVisible = 0;
			defaultConfigurationName = Release;
		};
		033A2A2F1FC6C2FC0068FED4 /* Build configuration list for PBXNativeTarget "CoreDataDemoInSwiftTests" */ = {
			isa = XCConfigurationList;
			buildConfigurations = (
				033A2A301FC6C2FC0068FED4 /* Debug */,
				033A2A311FC6C2FC0068FED4 /* Release */,
			);
			defaultConfigurationIsVisible = 0;
			defaultConfigurationName = Release;
		};
		033A2A321FC6C2FC0068FED4 /* Build configuration list for PBXNativeTarget "CoreDataDemoInSwiftUITests" */ = {
			isa = XCConfigurationList;
			buildConfigurations = (
				033A2A331FC6C2FC0068FED4 /* Debug */,
				033A2A341FC6C2FC0068FED4 /* Release */,
			);
			defaultConfigurationIsVisible = 0;
			defaultConfigurationName = Release;
		};
/* End XCConfigurationList section */

/* Begin XCVersionGroup section */
		033A2A0B1FC6C2FC0068FED4 /* CoreDataDemoInSwift.xcdatamodeld */ = {
			isa = XCVersionGroup;
			children = (
				033A2A0C1FC6C2FC0068FED4 /* CoreDataDemoInSwift.xcdatamodel */,
			);
			currentVersion = 033A2A0C1FC6C2FC0068FED4 /* CoreDataDemoInSwift.xcdatamodel */;
			path = CoreDataDemoInSwift.xcdatamodeld;
			sourceTree = "<group>";
			versionGroupType = wrapper.xcdatamodel;
		};
/* End XCVersionGroup section */
	};
	rootObject = 033A29F91FC6C2FA0068FED4 /* Project object */;
}
